
Microsoft Visual Studio Solution File, Format Version 12.00
# Visual Studio 15
VisualStudioVersion = 15.0.27004.2010
MinimumVisualStudioVersion = 10.0.40219.1
Project("{E24C65DC-7377-472B-9ABA-BC803B73C61A}") = "LoteriaV2", "LoteriaV2\", "{5A22F12F-E79D-4A28-8098-7F0D94F544BA}"
	ProjectSection(WebsiteProperties) = preProject
		TargetFrameworkMoniker = ".NETFramework,Version%3Dv4.6"
		Debug.AspNetCompiler.VirtualPath = "/localhost_58676"
		Debug.AspNetCompiler.PhysicalPath = "LoteriaV2\"
		Debug.AspNetCompiler.TargetPath = "PrecompiledWeb\localhost_58676\"
		Debug.AspNetCompiler.Updateable = "true"
		Debug.AspNetCompiler.ForceOverwrite = "true"
		Debug.AspNetCompiler.FixedNames = "false"
		Debug.AspNetCompiler.Debug = "True"
		Release.AspNetCompiler.VirtualPath = "/localhost_58676"
		Release.AspNetCompiler.PhysicalPath = "LoteriaV2\"
		Release.AspNetCompiler.TargetPath = "PrecompiledWeb\localhost_58676\"
		Release.AspNetCompiler.Updateable = "true"
		Release.AspNetCompiler.ForceOverwrite = "true"
		Release.AspNetCompiler.FixedNames = "false"
		Release.AspNetCompiler.Debug = "False"
		VWDPort = "58676"
		SlnRelativePath = "LoteriaV2\"
		DefaultWebSiteLanguage = "Visual C#"
	EndProjectSection
EndProject
Global
	GlobalSection(SolutionConfigurationPlatforms) = preSolution
		Debug|Any CPU = Debug|Any CPU
	EndGlobalSection
	GlobalSection(ProjectConfigurationPlatforms) = postSolution
		{5A22F12F-E79D-4A28-8098-7F0D94F544BA}.Debug|Any CPU.ActiveCfg = Debug|Any CPU
		{5A22F12F-E79D-4A28-8098-7F0D94F544BA}.Debug|Any CPU.Build.0 = Debug|Any CPU
	EndGlobalSection
	GlobalSection(SolutionProperties) = preSolution
		HideSolutionNode = FALSE
	EndGlobalSection
	GlobalSection(ExtensibilityGlobals) = postSolution
		SolutionGuid = {560135C4-E000-43E1-9C65-84F0B3D617F4}
	EndGlobalSection
EndGlobal
